
Microsoft Visual Studio Solution File, Format Version 12.00
# Visual Studio Version 17
VisualStudioVersion = 17.3.32929.385
MinimumVisualStudioVersion = 10.0.40219.1
Project("{9A19103F-16F7-4668-BE54-9A1E7A4F7556}") = "UnitTests", "UnitTests\UnitTests.csproj", "{98354865-381F-47E8-A536-9D767D45D861}"
EndProject
Project("{2150E333-8FDC-42A3-9474-1A3956D46DE8}") = "Frontend", "Frontend", "{446B29E6-C250-4AD0-88AA-BBC89FF3336C}"
EndProject
Project("{2150E333-8FDC-42A3-9474-1A3956D46DE8}") = "Backend", "Backend", "{03408C73-9FE0-41F5-8396-118D6528C1F5}"
EndProject
Project("{9A19103F-16F7-4668-BE54-9A1E7A4F7556}") = "App", "App\App.csproj", "{59F12E7B-54A1-4569-9C74-1EE69F6D8A31}"
EndProject
Project("{9A19103F-16F7-4668-BE54-9A1E7A4F7556}") = "Services", "Services\Services.csproj", "{3D6EB687-9273-4FD7-8DE3-AA7C371AD9C4}"
EndProject
Project("{9A19103F-16F7-4668-BE54-9A1E7A4F7556}") = "RestApi", "RestApi\RestApi.csproj", "{24FF8993-FD60-4D36-9366-06E15EFDC990}"
EndProject
Project("{9A19103F-16F7-4668-BE54-9A1E7A4F7556}") = "DataAccess", "DataAccess\DataAccess.csproj", "{F70CB8AF-9472-434E-9752-9D168AE4CAA7}"
EndProject
Project("{2150E333-8FDC-42A3-9474-1A3956D46DE8}") = "Shared", "Shared", "{AFF4BC03-76EB-456D-84F1-B7215A16F67D}"
EndProject
Project("{9A19103F-16F7-4668-BE54-9A1E7A4F7556}") = "Entities", "Entities\Entities.csproj", "{836A3D8F-0B07-43A8-BBA0-55802AFAA0CD}"
EndProject
Global
	GlobalSection(SolutionConfigurationPlatforms) = preSolution
		Debug|Any CPU = Debug|Any CPU
		Release|Any CPU = Release|Any CPU
	EndGlobalSection
	GlobalSection(ProjectConfigurationPlatforms) = postSolution
		{98354865-381F-47E8-A536-9D767D45D861}.Debug|Any CPU.ActiveCfg = Debug|Any CPU
		{98354865-381F-47E8-A536-9D767D45D861}.Debug|Any CPU.Build.0 = Debug|Any CPU
		{98354865-381F-47E8-A536-9D767D45D861}.Release|Any CPU.ActiveCfg = Release|Any CPU
		{98354865-381F-47E8-A536-9D767D45D861}.Release|Any CPU.Build.0 = Release|Any CPU
		{59F12E7B-54A1-4569-9C74-1EE69F6D8A31}.Debug|Any CPU.ActiveCfg = Debug|Any CPU
		{59F12E7B-54A1-4569-9C74-1EE69F6D8A31}.Debug|Any CPU.Build.0 = Debug|Any CPU
		{59F12E7B-54A1-4569-9C74-1EE69F6D8A31}.Debug|Any CPU.Deploy.0 = Debug|Any CPU
		{59F12E7B-54A1-4569-9C74-1EE69F6D8A31}.Release|Any CPU.ActiveCfg = Release|Any CPU
		{59F12E7B-54A1-4569-9C74-1EE69F6D8A31}.Release|Any CPU.Build.0 = Release|Any CPU
		{59F12E7B-54A1-4569-9C74-1EE69F6D8A31}.Release|Any CPU.Deploy.0 = Release|Any CPU
		{3D6EB687-9273-4FD7-8DE3-AA7C371AD9C4}.Debug|Any CPU.ActiveCfg = Debug|Any CPU
		{3D6EB687-9273-4FD7-8DE3-AA7C371AD9C4}.Debug|Any CPU.Build.0 = Debug|Any CPU
		{3D6EB687-9273-4FD7-8DE3-AA7C371AD9C4}.Release|Any CPU.ActiveCfg = Release|Any CPU
		{3D6EB687-9273-4FD7-8DE3-AA7C371AD9C4}.Release|Any CPU.Build.0 = Release|Any CPU
		{24FF8993-FD60-4D36-9366-06E15EFDC990}.Debug|Any CPU.ActiveCfg = Debug|Any CPU
		{24FF8993-FD60-4D36-9366-06E15EFDC990}.Debug|Any CPU.Build.0 = Debug|Any CPU
		{24FF8993-FD60-4D36-9366-06E15EFDC990}.Release|Any CPU.ActiveCfg = Release|Any CPU
		{24FF8993-FD60-4D36-9366-06E15EFDC990}.Release|Any CPU.Build.0 = Release|Any CPU
		{F70CB8AF-9472-434E-9752-9D168AE4CAA7}.Debug|Any CPU.ActiveCfg = Debug|Any CPU
		{F70CB8AF-9472-434E-9752-9D168AE4CAA7}.Debug|Any CPU.Build.0 = Debug|Any CPU
		{F70CB8AF-9472-434E-9752-9D168AE4CAA7}.Release|Any CPU.ActiveCfg = Release|Any CPU
		{F70CB8AF-9472-434E-9752-9D168AE4CAA7}.Release|Any CPU.Build.0 = Release|Any CPU
		{836A3D8F-0B07-43A8-BBA0-55802AFAA0CD}.Debug|Any CPU.ActiveCfg = Debug|Any CPU
		{836A3D8F-0B07-43A8-BBA0-55802AFAA0CD}.Debug|Any CPU.Build.0 = Debug|Any CPU
		{836A3D8F-0B07-43A8-BBA0-55802AFAA0CD}.Release|Any CPU.ActiveCfg = Release|Any CPU
		{836A3D8F-0B07-43A8-BBA0-55802AFAA0CD}.Release|Any CPU.Build.0 = Release|Any CPU
	EndGlobalSection
	GlobalSection(SolutionProperties) = preSolution
		HideSolutionNode = FALSE
	EndGlobalSection
	GlobalSection(NestedProjects) = preSolution
		{59F12E7B-54A1-4569-9C74-1EE69F6D8A31} = {446B29E6-C250-4AD0-88AA-BBC89FF3336C}
		{3D6EB687-9273-4FD7-8DE3-AA7C371AD9C4} = {446B29E6-C250-4AD0-88AA-BBC89FF3336C}
		{24FF8993-FD60-4D36-9366-06E15EFDC990} = {03408C73-9FE0-41F5-8396-118D6528C1F5}
		{F70CB8AF-9472-434E-9752-9D168AE4CAA7} = {03408C73-9FE0-41F5-8396-118D6528C1F5}
		{836A3D8F-0B07-43A8-BBA0-55802AFAA0CD} = {AFF4BC03-76EB-456D-84F1-B7215A16F67D}
	EndGlobalSection
	GlobalSection(ExtensibilityGlobals) = postSolution
		SolutionGuid = {7A7284E0-1967-454C-885A-A599D42C922C}
	EndGlobalSection
EndGlobal
